
Microsoft Visual Studio Solution File, Format Version 12.00
# Visual Studio Version 17
VisualStudioVersion = 17.4.33205.214
MinimumVisualStudioVersion = 10.0.40219.1
Project("{9A19103F-16F7-4668-BE54-9A1E7A4F7556}") = "AlmostGoodEngine.Inputs", "AlmostGoodEngine.Inputs\AlmostGoodEngine.Inputs.csproj", "{5265649C-C37C-4650-B36C-CD3A9B67F5C2}"
EndProject
Project("{9A19103F-16F7-4668-BE54-9A1E7A4F7556}") = "AlmostGoodEngine.Core", "AlmostGoodEngine.Core\AlmostGoodEngine.Core.csproj", "{1DE84576-1A83-421A-8A77-14D602FFFFB5}"
EndProject
Project("{9A19103F-16F7-4668-BE54-9A1E7A4F7556}") = "AlmostGoodEngine.Animations", "AlmostGoodEngine.Animations\AlmostGoodEngine.Animations.csproj", "{CBBBE1CC-2CDF-4097-9FDC-4845870253B7}"
EndProject
Project("{9A19103F-16F7-4668-BE54-9A1E7A4F7556}") = "AlmostGoodEngine.Audio", "AlmostGoodEngine.Audio\AlmostGoodEngine.Audio.csproj", "{E101C2ED-5FBF-49CA-B2E7-D80E5C6F8EC7}"
EndProject
Project("{9A19103F-16F7-4668-BE54-9A1E7A4F7556}") = "AlmostGoodEngine.AI", "AlmostGoodEngine.AI\AlmostGoodEngine.AI.csproj", "{7B73B6B2-EE60-4914-BDAD-5778AB42F51B}"
EndProject
Project("{9A19103F-16F7-4668-BE54-9A1E7A4F7556}") = "AlmostGoodEngine.GUI", "AlmostGoodEngine.GUI\AlmostGoodEngine.GUI.csproj", "{03E02AB3-CFEE-495A-8B8E-BB55AD04ACBE}"
EndProject
Project("{9A19103F-16F7-4668-BE54-9A1E7A4F7556}") = "AlmostGoodEngine.Physics", "AlmostGoodEngine.Physics\AlmostGoodEngine.Physics.csproj", "{BFAF49CA-72F9-497F-A923-0B332ECEA9A2}"
EndProject
Project("{9A19103F-16F7-4668-BE54-9A1E7A4F7556}") = "AlmostGoodEngine.Extended", "AlmostGoodEngine.Extended\AlmostGoodEngine.Extended.csproj", "{A6E0E731-1FC7-4C2B-BC81-F18D54C475AC}"
EndProject
Project("{9A19103F-16F7-4668-BE54-9A1E7A4F7556}") = "AlmostGoodEngine.Android", "Templates\AlmostGoodEngine.Android\AlmostGoodEngine.Android.csproj", "{566B31C8-4C37-4F95-B75A-A86E8959FBEA}"
EndProject
Project("{9A19103F-16F7-4668-BE54-9A1E7A4F7556}") = "AlmostGoodEngine.DesktopGL", "Templates\AlmostGoodEngine.DesktopGL\AlmostGoodEngine.DesktopGL.csproj", "{2E13286A-1F99-4B61-B80C-A5C67CE07B50}"
EndProject
Project("{9A19103F-16F7-4668-BE54-9A1E7A4F7556}") = "AlmostGoodEngine.DirectX", "Templates\AlmostGoodEngine.DirectX\AlmostGoodEngine.DirectX.csproj", "{A134CDE8-C963-4114-A470-B1607E28E776}"
EndProject
Project("{9A19103F-16F7-4668-BE54-9A1E7A4F7556}") = "AlmostGoodEngine.iOS", "Templates\AlmostGoodEngine.iOS\AlmostGoodEngine.iOS.csproj", "{5A55CCF4-575F-4E13-8107-2592164D6916}"
EndProject
Project("{9A19103F-16F7-4668-BE54-9A1E7A4F7556}") = "AlmostGoodEngine.Tests", "Tests\AlmostGoodEngine.Tests\AlmostGoodEngine.Tests.csproj", "{BD2A3E25-99BC-4F81-A357-D34C3A758EE0}"
EndProject
Project("{9A19103F-16F7-4668-BE54-9A1E7A4F7556}") = "AlmostGoodEngine.Serialization", "AlmostGoodEngine.Serialization\AlmostGoodEngine.Serialization.csproj", "{254262C5-FCA8-4148-BA15-8C27142BE3D1}"
EndProject
Project("{9A19103F-16F7-4668-BE54-9A1E7A4F7556}") = "AlmostGameEngine.CssContent", "AlmostGameEngine.CssContent\AlmostGameEngine.CssContent.csproj", "{E8662109-22E1-4EF0-AB99-F6558DEE18E8}"
EndProject
Project("{9A19103F-16F7-4668-BE54-9A1E7A4F7556}") = "AlmostGoodEngine.CSS", "AlmostGoodEngine.CSS\AlmostGoodEngine.CSS.csproj", "{9346C318-CD71-4F8C-B430-C0E82EA7F38D}"
EndProject
Project("{9A19103F-16F7-4668-BE54-9A1E7A4F7556}") = "AlmostGoodEngine.Editor", "AlmostGoodEngine.Editor\AlmostGoodEngine.Editor.csproj", "{823546FC-D888-4918-B5AB-90BC3CAFEDCE}"
EndProject
Project("{9A19103F-16F7-4668-BE54-9A1E7A4F7556}") = "AlmostGameEngine.GameLibrary", "AlmostGameEngine.GameLibrary\AlmostGameEngine.GameLibrary.csproj", "{46081711-9008-456B-A3D6-C0D1A78C5285}"
EndProject
Project("{9A19103F-16F7-4668-BE54-9A1E7A4F7556}") = "AlmostGoodEngine.Particles", "AlmostGoodEngine.Particles\AlmostGoodEngine.Particles.csproj", "{D1374EAF-B740-4DD2-B676-5A8482F036C0}"
EndProject
Global
	GlobalSection(SolutionConfigurationPlatforms) = preSolution
		Debug|Any CPU = Debug|Any CPU
		Release|Any CPU = Release|Any CPU
	EndGlobalSection
	GlobalSection(ProjectConfigurationPlatforms) = postSolution
		{5265649C-C37C-4650-B36C-CD3A9B67F5C2}.Debug|Any CPU.ActiveCfg = Debug|Any CPU
		{5265649C-C37C-4650-B36C-CD3A9B67F5C2}.Debug|Any CPU.Build.0 = Debug|Any CPU
		{5265649C-C37C-4650-B36C-CD3A9B67F5C2}.Release|Any CPU.ActiveCfg = Release|Any CPU
		{5265649C-C37C-4650-B36C-CD3A9B67F5C2}.Release|Any CPU.Build.0 = Release|Any CPU
		{1DE84576-1A83-421A-8A77-14D602FFFFB5}.Debug|Any CPU.ActiveCfg = Debug|Any CPU
		{1DE84576-1A83-421A-8A77-14D602FFFFB5}.Debug|Any CPU.Build.0 = Debug|Any CPU
		{1DE84576-1A83-421A-8A77-14D602FFFFB5}.Release|Any CPU.ActiveCfg = Release|Any CPU
		{1DE84576-1A83-421A-8A77-14D602FFFFB5}.Release|Any CPU.Build.0 = Release|Any CPU
		{CBBBE1CC-2CDF-4097-9FDC-4845870253B7}.Debug|Any CPU.ActiveCfg = Debug|Any CPU
		{CBBBE1CC-2CDF-4097-9FDC-4845870253B7}.Debug|Any CPU.Build.0 = Debug|Any CPU
		{CBBBE1CC-2CDF-4097-9FDC-4845870253B7}.Release|Any CPU.ActiveCfg = Release|Any CPU
		{CBBBE1CC-2CDF-4097-9FDC-4845870253B7}.Release|Any CPU.Build.0 = Release|Any CPU
		{E101C2ED-5FBF-49CA-B2E7-D80E5C6F8EC7}.Debug|Any CPU.ActiveCfg = Debug|Any CPU
		{E101C2ED-5FBF-49CA-B2E7-D80E5C6F8EC7}.Debug|Any CPU.Build.0 = Debug|Any CPU
		{E101C2ED-5FBF-49CA-B2E7-D80E5C6F8EC7}.Release|Any CPU.ActiveCfg = Release|Any CPU
		{E101C2ED-5FBF-49CA-B2E7-D80E5C6F8EC7}.Release|Any CPU.Build.0 = Release|Any CPU
		{7B73B6B2-EE60-4914-BDAD-5778AB42F51B}.Debug|Any CPU.ActiveCfg = Debug|Any CPU
		{7B73B6B2-EE60-4914-BDAD-5778AB42F51B}.Debug|Any CPU.Build.0 = Debug|Any CPU
		{7B73B6B2-EE60-4914-BDAD-5778AB42F51B}.Release|Any CPU.ActiveCfg = Release|Any CPU
		{7B73B6B2-EE60-4914-BDAD-5778AB42F51B}.Release|Any CPU.Build.0 = Release|Any CPU
		{03E02AB3-CFEE-495A-8B8E-BB55AD04ACBE}.Debug|Any CPU.ActiveCfg = Debug|Any CPU
		{03E02AB3-CFEE-495A-8B8E-BB55AD04ACBE}.Debug|Any CPU.Build.0 = Debug|Any CPU
		{03E02AB3-CFEE-495A-8B8E-BB55AD04ACBE}.Release|Any CPU.ActiveCfg = Release|Any CPU
		{03E02AB3-CFEE-495A-8B8E-BB55AD04ACBE}.Release|Any CPU.Build.0 = Release|Any CPU
		{BFAF49CA-72F9-497F-A923-0B332ECEA9A2}.Debug|Any CPU.ActiveCfg = Debug|Any CPU
		{BFAF49CA-72F9-497F-A923-0B332ECEA9A2}.Debug|Any CPU.Build.0 = Debug|Any CPU
		{BFAF49CA-72F9-497F-A923-0B332ECEA9A2}.Release|Any CPU.ActiveCfg = Release|Any CPU
		{BFAF49CA-72F9-497F-A923-0B332ECEA9A2}.Release|Any CPU.Build.0 = Release|Any CPU
		{A6E0E731-1FC7-4C2B-BC81-F18D54C475AC}.Debug|Any CPU.ActiveCfg = Debug|Any CPU
		{A6E0E731-1FC7-4C2B-BC81-F18D54C475AC}.Debug|Any CPU.Build.0 = Debug|Any CPU
		{A6E0E731-1FC7-4C2B-BC81-F18D54C475AC}.Release|Any CPU.ActiveCfg = Release|Any CPU
		{A6E0E731-1FC7-4C2B-BC81-F18D54C475AC}.Release|Any CPU.Build.0 = Release|Any CPU
		{566B31C8-4C37-4F95-B75A-A86E8959FBEA}.Debug|Any CPU.ActiveCfg = Debug|Any CPU
		{566B31C8-4C37-4F95-B75A-A86E8959FBEA}.Debug|Any CPU.Build.0 = Debug|Any CPU
		{566B31C8-4C37-4F95-B75A-A86E8959FBEA}.Debug|Any CPU.Deploy.0 = Debug|Any CPU
		{566B31C8-4C37-4F95-B75A-A86E8959FBEA}.Release|Any CPU.ActiveCfg = Release|Any CPU
		{566B31C8-4C37-4F95-B75A-A86E8959FBEA}.Release|Any CPU.Build.0 = Release|Any CPU
		{566B31C8-4C37-4F95-B75A-A86E8959FBEA}.Release|Any CPU.Deploy.0 = Release|Any CPU
		{2E13286A-1F99-4B61-B80C-A5C67CE07B50}.Debug|Any CPU.ActiveCfg = Debug|Any CPU
		{2E13286A-1F99-4B61-B80C-A5C67CE07B50}.Debug|Any CPU.Build.0 = Debug|Any CPU
		{2E13286A-1F99-4B61-B80C-A5C67CE07B50}.Release|Any CPU.ActiveCfg = Release|Any CPU
		{2E13286A-1F99-4B61-B80C-A5C67CE07B50}.Release|Any CPU.Build.0 = Release|Any CPU
		{A134CDE8-C963-4114-A470-B1607E28E776}.Debug|Any CPU.ActiveCfg = Debug|Any CPU
		{A134CDE8-C963-4114-A470-B1607E28E776}.Debug|Any CPU.Build.0 = Debug|Any CPU
		{A134CDE8-C963-4114-A470-B1607E28E776}.Release|Any CPU.ActiveCfg = Release|Any CPU
		{A134CDE8-C963-4114-A470-B1607E28E776}.Release|Any CPU.Build.0 = Release|Any CPU
		{5A55CCF4-575F-4E13-8107-2592164D6916}.Debug|Any CPU.ActiveCfg = Debug|Any CPU
		{5A55CCF4-575F-4E13-8107-2592164D6916}.Debug|Any CPU.Build.0 = Debug|Any CPU
		{5A55CCF4-575F-4E13-8107-2592164D6916}.Debug|Any CPU.Deploy.0 = Debug|Any CPU
		{5A55CCF4-575F-4E13-8107-2592164D6916}.Release|Any CPU.ActiveCfg = Release|Any CPU
		{5A55CCF4-575F-4E13-8107-2592164D6916}.Release|Any CPU.Build.0 = Release|Any CPU
		{5A55CCF4-575F-4E13-8107-2592164D6916}.Release|Any CPU.Deploy.0 = Release|Any CPU
		{BD2A3E25-99BC-4F81-A357-D34C3A758EE0}.Debug|Any CPU.ActiveCfg = Debug|Any CPU
		{BD2A3E25-99BC-4F81-A357-D34C3A758EE0}.Debug|Any CPU.Build.0 = Debug|Any CPU
		{BD2A3E25-99BC-4F81-A357-D34C3A758EE0}.Release|Any CPU.ActiveCfg = Release|Any CPU
		{BD2A3E25-99BC-4F81-A357-D34C3A758EE0}.Release|Any CPU.Build.0 = Release|Any CPU
		{254262C5-FCA8-4148-BA15-8C27142BE3D1}.Debug|Any CPU.ActiveCfg = Debug|Any CPU
		{254262C5-FCA8-4148-BA15-8C27142BE3D1}.Debug|Any CPU.Build.0 = Debug|Any CPU
		{254262C5-FCA8-4148-BA15-8C27142BE3D1}.Release|Any CPU.ActiveCfg = Release|Any CPU
		{254262C5-FCA8-4148-BA15-8C27142BE3D1}.Release|Any CPU.Build.0 = Release|Any CPU
		{E8662109-22E1-4EF0-AB99-F6558DEE18E8}.Debug|Any CPU.ActiveCfg = Debug|Any CPU
		{E8662109-22E1-4EF0-AB99-F6558DEE18E8}.Debug|Any CPU.Build.0 = Debug|Any CPU
		{E8662109-22E1-4EF0-AB99-F6558DEE18E8}.Release|Any CPU.ActiveCfg = Release|Any CPU
		{E8662109-22E1-4EF0-AB99-F6558DEE18E8}.Release|Any CPU.Build.0 = Release|Any CPU
		{9346C318-CD71-4F8C-B430-C0E82EA7F38D}.Debug|Any CPU.ActiveCfg = Debug|Any CPU
		{9346C318-CD71-4F8C-B430-C0E82EA7F38D}.Debug|Any CPU.Build.0 = Debug|Any CPU
		{9346C318-CD71-4F8C-B430-C0E82EA7F38D}.Release|Any CPU.ActiveCfg = Release|Any CPU
		{9346C318-CD71-4F8C-B430-C0E82EA7F38D}.Release|Any CPU.Build.0 = Release|Any CPU
		{823546FC-D888-4918-B5AB-90BC3CAFEDCE}.Debug|Any CPU.ActiveCfg = Debug|Any CPU
		{823546FC-D888-4918-B5AB-90BC3CAFEDCE}.Debug|Any CPU.Build.0 = Debug|Any CPU
		{823546FC-D888-4918-B5AB-90BC3CAFEDCE}.Release|Any CPU.ActiveCfg = Release|Any CPU
		{823546FC-D888-4918-B5AB-90BC3CAFEDCE}.Release|Any CPU.Build.0 = Release|Any CPU
		{46081711-9008-456B-A3D6-C0D1A78C5285}.Debug|Any CPU.ActiveCfg = Debug|Any CPU
		{46081711-9008-456B-A3D6-C0D1A78C5285}.Debug|Any CPU.Build.0 = Debug|Any CPU
		{46081711-9008-456B-A3D6-C0D1A78C5285}.Release|Any CPU.ActiveCfg = Release|Any CPU
		{46081711-9008-456B-A3D6-C0D1A78C5285}.Release|Any CPU.Build.0 = Release|Any CPU
		{D1374EAF-B740-4DD2-B676-5A8482F036C0}.Debug|Any CPU.ActiveCfg = Debug|Any CPU
		{D1374EAF-B740-4DD2-B676-5A8482F036C0}.Debug|Any CPU.Build.0 = Debug|Any CPU
		{D1374EAF-B740-4DD2-B676-5A8482F036C0}.Release|Any CPU.ActiveCfg = Release|Any CPU
		{D1374EAF-B740-4DD2-B676-5A8482F036C0}.Release|Any CPU.Build.0 = Release|Any CPU
	EndGlobalSection
	GlobalSection(SolutionProperties) = preSolution
		HideSolutionNode = FALSE
	EndGlobalSection
	GlobalSection(ExtensibilityGlobals) = postSolution
		SolutionGuid = {A51FB2D2-CCCF-4595-85D7-C83AFE429672}
	EndGlobalSection
EndGlobal
